{
  "name": "sapui5-test",
  "version": "1.0.0",
  "lockfileVersion": 1,
  "requires": true,
  "dependencies": {
    "@openui5/sap.m": {
      "version": "1.58.2",
      "resolved": "https://registry.npmjs.org/@openui5/sap.m/-/sap.m-1.58.2.tgz",
      "integrity": "sha512-zjXsSOPpigRSEStnTQvYD/WBOBLbFhZvoWyT7l6RE1Qx00LP66k9xWAvhV4/EUI/Z4W2ZOWt+D7Q4HCs8VYBzQ==",
      "requires": {
        "@openui5/sap.ui.core": "1.58.2",
        "@openui5/sap.ui.unified": "1.58.2"
      }
    },
    "@openui5/sap.ui.core": {
      "version": "1.58.2",
      "resolved": "https://registry.npmjs.org/@openui5/sap.ui.core/-/sap.ui.core-1.58.2.tgz",
      "integrity": "sha512-+5oG1JpkPd4ceBwVXe7abR34hrEFGpD4WgQB6K374tXlkCaVxXbWICinL7+mBWVZY+OZvp3abBtlg7YgLsYQWQ=="
    },
    "@openui5/sap.ui.layout": {
      "version": "1.58.2",
      "resolved": "https://registry.npmjs.org/@openui5/sap.ui.layout/-/sap.ui.layout-1.58.2.tgz",
      "integrity": "sha512-KLFU99ntvkCrAYdis/CxzsM3mDj+TFGXVjWzf6ncpG8juXDLCuhGd//m62tc8xelu7O2lVHAvbL1LpsMgi923Q==",
      "requires": {
        "@openui5/sap.ui.core": "1.58.2"
      }
    },
    "@openui5/sap.ui.unified": {
      "version": "1.58.2",
      "resolved": "https://registry.npmjs.org/@openui5/sap.ui.unified/-/sap.ui.unified-1.58.2.tgz",
      "integrity": "sha512-zgQn8Ad4erjhmhHzkCKA2GBgB1Lw8E0iwoQpLjUI5wWJmIygTHygtBVlEk7PeMXLRoV71GOsX9cis/cbfwAZQA==",
      "requires": {
        "@openui5/sap.ui.core": "1.58.2"
      }
    },
    "@types/jquery": {
      "version": "3.3.9",
      "resolved": "https://registry.npmjs.org/@types/jquery/-/jquery-3.3.9.tgz",
      "integrity": "sha512-jd5gnS4K5C3MfcYPXdIPpMnFnbYpRdzZQQGkOBbyMiTsAaNTqMGyAJAZlEbMc0EwPaZFzFD+U3zxL/dhBsWsIQ=="
    },
    "@types/openui5": {
      "version": "1.40.2",
      "resolved": "https://registry.npmjs.org/@types/openui5/-/openui5-1.40.2.tgz",
      "integrity": "sha512-EFEgNYhQINM9oSL90JdKFQ1RbZhEPWaTIsAacjRIjQQmv247WLwdvebuk6I8dwjX/xb9K6DhSfRx5hkE/oGRPA==",
      "requires": {
        "@types/jquery": "*"
      }
    }
  }
}
